schema: '2.0'
stages:
  data_collection:
    cmd: python src/data/data_collection.py
    deps:
    - path: src/data/data_collection.py
      hash: md5
      md5: 6d476114ccbb7c5d71761258a8754a71
      size: 1911
    params:
      params.yaml:
        data_collection.test_size: 0.2
    outs:
    - path: data/raw
      hash: md5
      md5: 78fd7b8f78eb85230a2f0326ee56eb43.dir
      size: 382430
      nfiles: 2
  preprocessing:
    cmd: python src/data/data_preprocessing.py
    deps:
    - path: data/raw
      hash: md5
      md5: 78fd7b8f78eb85230a2f0326ee56eb43.dir
      size: 382430
      nfiles: 2
    - path: src/data/data_preprocessing.py
      hash: md5
      md5: 725a991dd588b97b88e26ff9fe637ec2
      size: 3175
    outs:
    - path: data/processed
      hash: md5
      md5: 27c6fdbdb1bedf396a19d33349fd56c8.dir
      size: 3400805
      nfiles: 2
  model_training:
    cmd: python src/model/model_training.py
    deps:
    - path: data/processed
      hash: md5
      md5: 27c6fdbdb1bedf396a19d33349fd56c8.dir
      size: 3400805
      nfiles: 2
    - path: src/model/model_training.py
      hash: md5
      md5: 0c83d0766313ee6bbd36e84d01cb18d7
      size: 3178
    params:
      params.yaml:
        model_training.criterion: gini
        model_training.max_depth: 10
        model_training.min_samples_leaf: 1
        model_training.min_samples_split: 2
    outs:
    - path: models/model.pkl
      hash: md5
      md5: 539f14b80922b52f1baf715cd98d634a
      size: 4333
  model_evaluation:
    cmd: python src/model/model_evalution.py
    deps:
    - path: models/model.pkl
      hash: md5
      md5: 539f14b80922b52f1baf715cd98d634a
      size: 4333
    - path: src/model/model_evalution.py
      hash: md5
      md5: 22bdabc3021092a66379ae7f41a30469
      size: 5696
    outs:
    - path: reports/metrics.json
      hash: md5
      md5: aed4c6216573de4906939205915c8bca
      size: 90
    - path: reports/run_info.json
      hash: md5
      md5: 46c5707b007013948e5fcf2b8c7289d9
      size: 87
  model_registration:
    cmd: python src/model/model_reg.py
    deps:
    - path: reports/run_info.json
      hash: md5
      md5: 46c5707b007013948e5fcf2b8c7289d9
      size: 87
    - path: src/model/model_reg.py
      hash: md5
      md5: 2c75eadd808ae6378c5b359989686094
      size: 1265
